
Microsoft Visual Studio Solution File, Format Version 12.00
# Visual Studio Version 16
VisualStudioVersion = 16.0.30128.74
MinimumVisualStudioVersion = 10.0.40219.1
Project("{FAE04EC0-301F-11D3-BF4B-00C04F79EFBC}") = "web.net.labb4", "web.net.labb4\web.net.labb4.csproj", "{43EC41FD-FDA1-443D-A683-2E41B44ED367}"
EndProject
Global
	GlobalSection(SolutionConfigurationPlatforms) = preSolution
		Debug|Any CPU = Debug|Any CPU
		Release|Any CPU = Release|Any CPU
	EndGlobalSection
	GlobalSection(ProjectConfigurationPlatforms) = postSolution
		{43EC41FD-FDA1-443D-A683-2E41B44ED367}.Debug|Any CPU.ActiveCfg = Debug|Any CPU
		{43EC41FD-FDA1-443D-A683-2E41B44ED367}.Debug|Any CPU.Build.0 = Debug|Any CPU
		{43EC41FD-FDA1-443D-A683-2E41B44ED367}.Release|Any CPU.ActiveCfg = Release|Any CPU
		{43EC41FD-FDA1-443D-A683-2E41B44ED367}.Release|Any CPU.Build.0 = Release|Any CPU
	EndGlobalSection
	GlobalSection(SolutionProperties) = preSolution
		HideSolutionNode = FALSE
	EndGlobalSection
	GlobalSection(ExtensibilityGlobals) = postSolution
		SolutionGuid = {EA4B5A10-6DE1-41B5-AE06-15E614174C13}
	EndGlobalSection
EndGlobal
